
Microsoft Visual Studio Solution File, Format Version 12.00
# Visual Studio 15
VisualStudioVersion = 15.0.28307.1778
MinimumVisualStudioVersion = 10.0.40219.1
Project("{8BC9CEB8-8B4A-11D0-8D11-00A0C91BC942}") = "ArvFilter", "ArvFilter\ArvFilter.vcxproj", "{72FA845F-4A40-4E6C-9D73-ED7A98054FEC}"
EndProject
Project("{8BC9CEB8-8B4A-11D0-8D11-00A0C91BC942}") = "ArvCtl", "ArvCtl\ArvCtl.vcxproj", "{957354B2-D2FC-4F9A-83DC-59D68A779976}"
EndProject
Global
	GlobalSection(SolutionConfigurationPlatforms) = preSolution
		Debug|ARM = Debug|ARM
		Debug|ARM64 = Debug|ARM64
		Debug|x64 = Debug|x64
		Debug|x86 = Debug|x86
		Release|ARM = Release|ARM
		Release|ARM64 = Release|ARM64
		Release|x64 = Release|x64
		Release|x86 = Release|x86
	EndGlobalSection
	GlobalSection(ProjectConfigurationPlatforms) = postSolution
		{72FA845F-4A40-4E6C-9D73-ED7A98054FEC}.Debug|ARM.ActiveCfg = Debug|ARM
		{72FA845F-4A40-4E6C-9D73-ED7A98054FEC}.Debug|ARM.Build.0 = Debug|ARM
		{72FA845F-4A40-4E6C-9D73-ED7A98054FEC}.Debug|ARM.Deploy.0 = Debug|ARM
		{72FA845F-4A40-4E6C-9D73-ED7A98054FEC}.Debug|ARM64.ActiveCfg = Debug|ARM64
		{72FA845F-4A40-4E6C-9D73-ED7A98054FEC}.Debug|ARM64.Build.0 = Debug|ARM64
		{72FA845F-4A40-4E6C-9D73-ED7A98054FEC}.Debug|ARM64.Deploy.0 = Debug|ARM64
		{72FA845F-4A40-4E6C-9D73-ED7A98054FEC}.Debug|x64.ActiveCfg = Debug|x64
		{72FA845F-4A40-4E6C-9D73-ED7A98054FEC}.Debug|x64.Build.0 = Debug|x64
		{72FA845F-4A40-4E6C-9D73-ED7A98054FEC}.Debug|x64.Deploy.0 = Debug|x64
		{72FA845F-4A40-4E6C-9D73-ED7A98054FEC}.Debug|x86.ActiveCfg = Debug|Win32
		{72FA845F-4A40-4E6C-9D73-ED7A98054FEC}.Debug|x86.Build.0 = Debug|Win32
		{72FA845F-4A40-4E6C-9D73-ED7A98054FEC}.Debug|x86.Deploy.0 = Debug|Win32
		{72FA845F-4A40-4E6C-9D73-ED7A98054FEC}.Release|ARM.ActiveCfg = Release|ARM
		{72FA845F-4A40-4E6C-9D73-ED7A98054FEC}.Release|ARM.Build.0 = Release|ARM
		{72FA845F-4A40-4E6C-9D73-ED7A98054FEC}.Release|ARM.Deploy.0 = Release|ARM
		{72FA845F-4A40-4E6C-9D73-ED7A98054FEC}.Release|ARM64.ActiveCfg = Release|ARM64
		{72FA845F-4A40-4E6C-9D73-ED7A98054FEC}.Release|ARM64.Build.0 = Release|ARM64
		{72FA845F-4A40-4E6C-9D73-ED7A98054FEC}.Release|ARM64.Deploy.0 = Release|ARM64
		{72FA845F-4A40-4E6C-9D73-ED7A98054FEC}.Release|x64.ActiveCfg = Release|x64
		{72FA845F-4A40-4E6C-9D73-ED7A98054FEC}.Release|x64.Build.0 = Release|x64
		{72FA845F-4A40-4E6C-9D73-ED7A98054FEC}.Release|x64.Deploy.0 = Release|x64
		{72FA845F-4A40-4E6C-9D73-ED7A98054FEC}.Release|x86.ActiveCfg = Release|Win32
		{72FA845F-4A40-4E6C-9D73-ED7A98054FEC}.Release|x86.Build.0 = Release|Win32
		{72FA845F-4A40-4E6C-9D73-ED7A98054FEC}.Release|x86.Deploy.0 = Release|Win32
		{957354B2-D2FC-4F9A-83DC-59D68A779976}.Debug|ARM.ActiveCfg = Debug|Win32
		{957354B2-D2FC-4F9A-83DC-59D68A779976}.Debug|ARM64.ActiveCfg = Debug|Win32
		{957354B2-D2FC-4F9A-83DC-59D68A779976}.Debug|x64.ActiveCfg = Debug|x64
		{957354B2-D2FC-4F9A-83DC-59D68A779976}.Debug|x64.Build.0 = Debug|x64
		{957354B2-D2FC-4F9A-83DC-59D68A779976}.Debug|x86.ActiveCfg = Debug|Win32
		{957354B2-D2FC-4F9A-83DC-59D68A779976}.Debug|x86.Build.0 = Debug|Win32
		{957354B2-D2FC-4F9A-83DC-59D68A779976}.Release|ARM.ActiveCfg = Release|Win32
		{957354B2-D2FC-4F9A-83DC-59D68A779976}.Release|ARM64.ActiveCfg = Release|Win32
		{957354B2-D2FC-4F9A-83DC-59D68A779976}.Release|x64.ActiveCfg = Release|x64
		{957354B2-D2FC-4F9A-83DC-59D68A779976}.Release|x64.Build.0 = Release|x64
		{957354B2-D2FC-4F9A-83DC-59D68A779976}.Release|x86.ActiveCfg = Release|Win32
		{957354B2-D2FC-4F9A-83DC-59D68A779976}.Release|x86.Build.0 = Release|Win32
	EndGlobalSection
	GlobalSection(SolutionProperties) = preSolution
		HideSolutionNode = FALSE
	EndGlobalSection
	GlobalSection(ExtensibilityGlobals) = postSolution
		SolutionGuid = {ECEFA52F-589E-4628-A933-2D543F450F50}
	EndGlobalSection
EndGlobal
